
Microsoft Visual Studio Solution File, Format Version 12.00
# Visual Studio Version 17
VisualStudioVersion = 17.0.31903.59
MinimumVisualStudioVersion = 10.0.40219.1
Project("{FAE04EC0-301F-11D3-BF4B-00C04F79EFBC}") = "TM.API", "TM.API\TM.API.csproj", "{826ABF43-D3EA-454D-BB8D-A2B0916C03CE}"
EndProject
Project("{FAE04EC0-301F-11D3-BF4B-00C04F79EFBC}") = "TM.Domain", "TM.Domain\TM.Domain.csproj", "{C4D19F41-B71C-40E4-87FC-526A5FFD9785}"
EndProject
Project("{FAE04EC0-301F-11D3-BF4B-00C04F79EFBC}") = "TM.Application", "TM.Application\TM.Application.csproj", "{E6688E4D-797C-439F-AFDA-1E7CA539DAA7}"
EndProject
Project("{FAE04EC0-301F-11D3-BF4B-00C04F79EFBC}") = "TM.Infrastructure", "TM.Infrastructure\TM.Infrastructure.csproj", "{3A80A784-2019-44E4-9260-100BC1CFE04D}"
EndProject
Global
	GlobalSection(SolutionConfigurationPlatforms) = preSolution
		Debug|Any CPU = Debug|Any CPU
		Debug|x64 = Debug|x64
		Debug|x86 = Debug|x86
		Release|Any CPU = Release|Any CPU
		Release|x64 = Release|x64
		Release|x86 = Release|x86
	EndGlobalSection
	GlobalSection(ProjectConfigurationPlatforms) = postSolution
		{826ABF43-D3EA-454D-BB8D-A2B0916C03CE}.Debug|Any CPU.ActiveCfg = Debug|Any CPU
		{826ABF43-D3EA-454D-BB8D-A2B0916C03CE}.Debug|Any CPU.Build.0 = Debug|Any CPU
		{826ABF43-D3EA-454D-BB8D-A2B0916C03CE}.Debug|x64.ActiveCfg = Debug|Any CPU
		{826ABF43-D3EA-454D-BB8D-A2B0916C03CE}.Debug|x64.Build.0 = Debug|Any CPU
		{826ABF43-D3EA-454D-BB8D-A2B0916C03CE}.Debug|x86.ActiveCfg = Debug|Any CPU
		{826ABF43-D3EA-454D-BB8D-A2B0916C03CE}.Debug|x86.Build.0 = Debug|Any CPU
		{826ABF43-D3EA-454D-BB8D-A2B0916C03CE}.Release|Any CPU.ActiveCfg = Release|Any CPU
		{826ABF43-D3EA-454D-BB8D-A2B0916C03CE}.Release|Any CPU.Build.0 = Release|Any CPU
		{826ABF43-D3EA-454D-BB8D-A2B0916C03CE}.Release|x64.ActiveCfg = Release|Any CPU
		{826ABF43-D3EA-454D-BB8D-A2B0916C03CE}.Release|x64.Build.0 = Release|Any CPU
		{826ABF43-D3EA-454D-BB8D-A2B0916C03CE}.Release|x86.ActiveCfg = Release|Any CPU
		{826ABF43-D3EA-454D-BB8D-A2B0916C03CE}.Release|x86.Build.0 = Release|Any CPU
		{C4D19F41-B71C-40E4-87FC-526A5FFD9785}.Debug|Any CPU.ActiveCfg = Debug|Any CPU
		{C4D19F41-B71C-40E4-87FC-526A5FFD9785}.Debug|Any CPU.Build.0 = Debug|Any CPU
		{C4D19F41-B71C-40E4-87FC-526A5FFD9785}.Debug|x64.ActiveCfg = Debug|Any CPU
		{C4D19F41-B71C-40E4-87FC-526A5FFD9785}.Debug|x64.Build.0 = Debug|Any CPU
		{C4D19F41-B71C-40E4-87FC-526A5FFD9785}.Debug|x86.ActiveCfg = Debug|Any CPU
		{C4D19F41-B71C-40E4-87FC-526A5FFD9785}.Debug|x86.Build.0 = Debug|Any CPU
		{C4D19F41-B71C-40E4-87FC-526A5FFD9785}.Release|Any CPU.ActiveCfg = Release|Any CPU
		{C4D19F41-B71C-40E4-87FC-526A5FFD9785}.Release|Any CPU.Build.0 = Release|Any CPU
		{C4D19F41-B71C-40E4-87FC-526A5FFD9785}.Release|x64.ActiveCfg = Release|Any CPU
		{C4D19F41-B71C-40E4-87FC-526A5FFD9785}.Release|x64.Build.0 = Release|Any CPU
		{C4D19F41-B71C-40E4-87FC-526A5FFD9785}.Release|x86.ActiveCfg = Release|Any CPU
		{C4D19F41-B71C-40E4-87FC-526A5FFD9785}.Release|x86.Build.0 = Release|Any CPU
		{E6688E4D-797C-439F-AFDA-1E7CA539DAA7}.Debug|Any CPU.ActiveCfg = Debug|Any CPU
		{E6688E4D-797C-439F-AFDA-1E7CA539DAA7}.Debug|Any CPU.Build.0 = Debug|Any CPU
		{E6688E4D-797C-439F-AFDA-1E7CA539DAA7}.Debug|x64.ActiveCfg = Debug|Any CPU
		{E6688E4D-797C-439F-AFDA-1E7CA539DAA7}.Debug|x64.Build.0 = Debug|Any CPU
		{E6688E4D-797C-439F-AFDA-1E7CA539DAA7}.Debug|x86.ActiveCfg = Debug|Any CPU
		{E6688E4D-797C-439F-AFDA-1E7CA539DAA7}.Debug|x86.Build.0 = Debug|Any CPU
		{E6688E4D-797C-439F-AFDA-1E7CA539DAA7}.Release|Any CPU.ActiveCfg = Release|Any CPU
		{E6688E4D-797C-439F-AFDA-1E7CA539DAA7}.Release|Any CPU.Build.0 = Release|Any CPU
		{E6688E4D-797C-439F-AFDA-1E7CA539DAA7}.Release|x64.ActiveCfg = Release|Any CPU
		{E6688E4D-797C-439F-AFDA-1E7CA539DAA7}.Release|x64.Build.0 = Release|Any CPU
		{E6688E4D-797C-439F-AFDA-1E7CA539DAA7}.Release|x86.ActiveCfg = Release|Any CPU
		{E6688E4D-797C-439F-AFDA-1E7CA539DAA7}.Release|x86.Build.0 = Release|Any CPU
		{3A80A784-2019-44E4-9260-100BC1CFE04D}.Debug|Any CPU.ActiveCfg = Debug|Any CPU
		{3A80A784-2019-44E4-9260-100BC1CFE04D}.Debug|Any CPU.Build.0 = Debug|Any CPU
		{3A80A784-2019-44E4-9260-100BC1CFE04D}.Debug|x64.ActiveCfg = Debug|Any CPU
		{3A80A784-2019-44E4-9260-100BC1CFE04D}.Debug|x64.Build.0 = Debug|Any CPU
		{3A80A784-2019-44E4-9260-100BC1CFE04D}.Debug|x86.ActiveCfg = Debug|Any CPU
		{3A80A784-2019-44E4-9260-100BC1CFE04D}.Debug|x86.Build.0 = Debug|Any CPU
		{3A80A784-2019-44E4-9260-100BC1CFE04D}.Release|Any CPU.ActiveCfg = Release|Any CPU
		{3A80A784-2019-44E4-9260-100BC1CFE04D}.Release|Any CPU.Build.0 = Release|Any CPU
		{3A80A784-2019-44E4-9260-100BC1CFE04D}.Release|x64.ActiveCfg = Release|Any CPU
		{3A80A784-2019-44E4-9260-100BC1CFE04D}.Release|x64.Build.0 = Release|Any CPU
		{3A80A784-2019-44E4-9260-100BC1CFE04D}.Release|x86.ActiveCfg = Release|Any CPU
		{3A80A784-2019-44E4-9260-100BC1CFE04D}.Release|x86.Build.0 = Release|Any CPU
	EndGlobalSection
	GlobalSection(SolutionProperties) = preSolution
		HideSolutionNode = FALSE
	EndGlobalSection
EndGlobal
